{
  "version": "5",
  "npm": {
    "@libsql/darwin-arm64@0.5.8": {
      "integrity": "sha512-dJRfwCHAKOIgysMbB+PBo3ZmCVuGC02fH57kFEFlqbbUv6wnAZV5g7GErQIv4IlC4VPKAS4RL20fjLUgXE+0Xg==",
      "os": ["darwin"],
      "cpu": ["arm64"]
    },
    "@libsql/darwin-x64@0.5.8": {
      "integrity": "sha512-ua5ngqJy9o4lyjYDzF8c69YbOAwP2TQXPhDURs8l97b09HHFh5/8gWRNor7vYRpsziwp8TC77DdQ0C84+gP5tg==",
      "os": ["darwin"],
      "cpu": ["x64"]
    },
    "@libsql/linux-arm64-gnu@0.5.8": {
      "integrity": "sha512-6HHZlPbMu+cmCJafg/dwOcWFMu07hTB5teMKU5ke66kqeWLRBnOs5/DnZGVz6q0k+Z4L4UTRbdrnCklR3GmvFg==",
      "os": ["linux"],
      "cpu": ["arm64"]
    },
    "@libsql/linux-arm64-musl@0.5.8": {
      "integrity": "sha512-QGhZadKk3gvrDHa63U7xQrsqET/43E6L7/15oh7I+SINl8meoZAJNTJNYfOUmPM2lPPfNDgr46v4p5ggo6su0A==",
      "os": ["linux"],
      "cpu": ["arm64"]
    },
    "@libsql/linux-x64-gnu@0.5.8": {
      "integrity": "sha512-HUWxOvLE5W287O/vaHWFpZMqaaebEBZvcUqJJ/E+IcC9kmKc6GqDW+fJkfPfosrpGyPNbYDj0w9pIcck0l/oeA==",
      "os": ["linux"],
      "cpu": ["x64"]
    },
    "@libsql/linux-x64-musl@0.5.8": {
      "integrity": "sha512-hfhkPwqzFroU01xUB7ZXFw3bP+jqcGolGLyhEkeh/Rsoune0ucm1KPrU2tqTBqQP4a7lL0nSL1A37nfjIO61Hw==",
      "os": ["linux"],
      "cpu": ["x64"]
    },
    "@libsql/win32-x64-msvc@0.5.8": {
      "integrity": "sha512-8hKczus0swLEvXu8N0znWdyFo5QzFnE9mnz7G/sb+eVn+zpPlT6ZdFHZdhQzev9C0to7kvYDj03qESTUIwDiqg==",
      "os": ["win32"],
      "cpu": ["x64"]
    }
  },
  "workspace": {
    "dependencies": [
      "jsr:@std/assert@1"
    ]
  }
}
